
Microsoft Visual Studio Solution File, Format Version 12.00
# Visual Studio Version 17
VisualStudioVersion = 17.9.34622.214
MinimumVisualStudioVersion = 10.0.40219.1
Project("{FAE04EC0-301F-11D3-BF4B-00C04F79EFBC}") = "PasswordManager", "PasswordManager\PasswordManager.csproj", "{3AC64156-E13D-4208-BE1D-8438162F3D62}"
EndProject
Global
	GlobalSection(SolutionConfigurationPlatforms) = preSolution
		Debug|Any CPU = Debug|Any CPU
		Release|Any CPU = Release|Any CPU
	EndGlobalSection
	GlobalSection(ProjectConfigurationPlatforms) = postSolution
		{3AC64156-E13D-4208-BE1D-8438162F3D62}.Debug|Any CPU.ActiveCfg = Debug|Any CPU
		{3AC64156-E13D-4208-BE1D-8438162F3D62}.Debug|Any CPU.Build.0 = Debug|Any CPU
		{3AC64156-E13D-4208-BE1D-8438162F3D62}.Release|Any CPU.ActiveCfg = Release|Any CPU
		{3AC64156-E13D-4208-BE1D-8438162F3D62}.Release|Any CPU.Build.0 = Release|Any CPU
	EndGlobalSection
	GlobalSection(SolutionProperties) = preSolution
		HideSolutionNode = FALSE
	EndGlobalSection
	GlobalSection(ExtensibilityGlobals) = postSolution
		SolutionGuid = {064935E9-68A8-4BAC-9376-93EBB0EB0F63}
	EndGlobalSection
EndGlobal
